
Microsoft Visual Studio Solution File, Format Version 12.00
# Visual Studio 14
VisualStudioVersion = 14.0.25420.1
MinimumVisualStudioVersion = 10.0.40219.1
Project("{FAE04EC0-301F-11D3-BF4B-00C04F79EFBC}") = "Point.WebUI", "Point.WebUI\Point.WebUI.csproj", "{A95A1824-D463-455B-97EB-AAD39FCBD420}"
EndProject
Project("{FAE04EC0-301F-11D3-BF4B-00C04F79EFBC}") = "Point.Common.Core", "Point.Common.Core\Point.Common.Core.csproj", "{CDC6766D-3046-4764-BA6D-2F8CD26E71F3}"
EndProject
Project("{FAE04EC0-301F-11D3-BF4B-00C04F79EFBC}") = "WordSegmentServices", "WordSegmentServices\WordSegmentServices.csproj", "{4B4AB46E-131B-47F7-BBA0-902E7944B656}"
EndProject
Project("{FAE04EC0-301F-11D3-BF4B-00C04F79EFBC}") = "UEditorWebUI", "UEditorWebUI\UEditorWebUI.csproj", "{4077B19B-7F68-4BB0-B3DD-6F41C7FC555A}"
EndProject
Global
	GlobalSection(SolutionConfigurationPlatforms) = preSolution
		Debug|Any CPU = Debug|Any CPU
		Release|Any CPU = Release|Any CPU
	EndGlobalSection
	GlobalSection(ProjectConfigurationPlatforms) = postSolution
		{A95A1824-D463-455B-97EB-AAD39FCBD420}.Debug|Any CPU.ActiveCfg = Debug|Any CPU
		{A95A1824-D463-455B-97EB-AAD39FCBD420}.Debug|Any CPU.Build.0 = Debug|Any CPU
		{A95A1824-D463-455B-97EB-AAD39FCBD420}.Release|Any CPU.ActiveCfg = Release|Any CPU
		{A95A1824-D463-455B-97EB-AAD39FCBD420}.Release|Any CPU.Build.0 = Release|Any CPU
		{CDC6766D-3046-4764-BA6D-2F8CD26E71F3}.Debug|Any CPU.ActiveCfg = Debug|Any CPU
		{CDC6766D-3046-4764-BA6D-2F8CD26E71F3}.Debug|Any CPU.Build.0 = Debug|Any CPU
		{CDC6766D-3046-4764-BA6D-2F8CD26E71F3}.Release|Any CPU.ActiveCfg = Release|Any CPU
		{CDC6766D-3046-4764-BA6D-2F8CD26E71F3}.Release|Any CPU.Build.0 = Release|Any CPU
		{4B4AB46E-131B-47F7-BBA0-902E7944B656}.Debug|Any CPU.ActiveCfg = Debug|Any CPU
		{4B4AB46E-131B-47F7-BBA0-902E7944B656}.Debug|Any CPU.Build.0 = Debug|Any CPU
		{4B4AB46E-131B-47F7-BBA0-902E7944B656}.Release|Any CPU.ActiveCfg = Release|Any CPU
		{4B4AB46E-131B-47F7-BBA0-902E7944B656}.Release|Any CPU.Build.0 = Release|Any CPU
		{4077B19B-7F68-4BB0-B3DD-6F41C7FC555A}.Debug|Any CPU.ActiveCfg = Debug|Any CPU
		{4077B19B-7F68-4BB0-B3DD-6F41C7FC555A}.Debug|Any CPU.Build.0 = Debug|Any CPU
		{4077B19B-7F68-4BB0-B3DD-6F41C7FC555A}.Release|Any CPU.ActiveCfg = Release|Any CPU
		{4077B19B-7F68-4BB0-B3DD-6F41C7FC555A}.Release|Any CPU.Build.0 = Release|Any CPU
	EndGlobalSection
	GlobalSection(SolutionProperties) = preSolution
		HideSolutionNode = FALSE
	EndGlobalSection
EndGlobal
